
Microsoft Visual Studio Solution File, Format Version 12.00
# Visual Studio Version 17
VisualStudioVersion = 17.6.33815.320
MinimumVisualStudioVersion = 10.0.40219.1
Project("{FAE04EC0-301F-11D3-BF4B-00C04F79EFBC}") = "C#Website", "C#Website.csproj", "{97042B95-CDBA-4E95-8D75-6B3F7BE43EC1}"
EndProject
Global
	GlobalSection(SolutionConfigurationPlatforms) = preSolution
		Debug|Any CPU = Debug|Any CPU
		Release|Any CPU = Release|Any CPU
	EndGlobalSection
	GlobalSection(ProjectConfigurationPlatforms) = postSolution
		{97042B95-CDBA-4E95-8D75-6B3F7BE43EC1}.Debug|Any CPU.ActiveCfg = Debug|Any CPU
		{97042B95-CDBA-4E95-8D75-6B3F7BE43EC1}.Debug|Any CPU.Build.0 = Debug|Any CPU
		{97042B95-CDBA-4E95-8D75-6B3F7BE43EC1}.Release|Any CPU.ActiveCfg = Release|Any CPU
		{97042B95-CDBA-4E95-8D75-6B3F7BE43EC1}.Release|Any CPU.Build.0 = Release|Any CPU
	EndGlobalSection
	GlobalSection(SolutionProperties) = preSolution
		HideSolutionNode = FALSE
	EndGlobalSection
	GlobalSection(ExtensibilityGlobals) = postSolution
		SolutionGuid = {3AA6CE06-57F4-40CB-AC86-D592030B0CA5}
	EndGlobalSection
EndGlobal
